
Microsoft Visual Studio Solution File, Format Version 12.00
# Visual Studio 14
VisualStudioVersion = 14.0.24720.0
MinimumVisualStudioVersion = 10.0.40219.1
Project("{FAE04EC0-301F-11D3-BF4B-00C04F79EFBC}") = "OCSLogParser", "OCSLogParser\OCSLogParser.csproj", "{9010A561-0669-4B66-883F-75674D3BA31C}"
EndProject
Global
	GlobalSection(SolutionConfigurationPlatforms) = preSolution
		Debug|Any CPU = Debug|Any CPU
		Release|Any CPU = Release|Any CPU
	EndGlobalSection
	GlobalSection(ProjectConfigurationPlatforms) = postSolution
		{9010A561-0669-4B66-883F-75674D3BA31C}.Debug|Any CPU.ActiveCfg = Debug|Any CPU
		{9010A561-0669-4B66-883F-75674D3BA31C}.Debug|Any CPU.Build.0 = Debug|Any CPU
		{9010A561-0669-4B66-883F-75674D3BA31C}.Release|Any CPU.ActiveCfg = Release|Any CPU
		{9010A561-0669-4B66-883F-75674D3BA31C}.Release|Any CPU.Build.0 = Release|Any CPU
	EndGlobalSection
	GlobalSection(SolutionProperties) = preSolution
		HideSolutionNode = FALSE
	EndGlobalSection
EndGlobal
